# Code generated by scarb DO NOT EDIT.
version = 1

[[package]]
name = "referee"
version = "0.1.0"
source = "git+https://github.com/broody/referee.git?rev=262873e#262873e63597695dfb704e34e707766bd8dcbcbd"

[[package]]
name = "referee_testing"
version = "0.1.0"
source = "git+https://github.com/broody/referee.git?rev=262873e#262873e63597695dfb704e34e707766bd8dcbcbd"
dependencies = [
 "referee",
]

[[package]]
name = "surround_ratings"
version = "0.1.0"
dependencies = [
 "referee",
 "referee_testing",
]
