# Code generated by scarb DO NOT EDIT.
version = 1

[[package]]
name = "referee"
version = "0.1.0"
source = "git+https://github.com/broody/referee.git?rev=282d087#282d0871a640ebde77845795e4bb77f07e05a12f"

[[package]]
name = "surround_measure"
version = "0.1.0"
dependencies = [
 "referee",
 "surround_rules",
]

[[package]]
name = "surround_rules"
version = "0.1.0"
dependencies = [
 "referee",
]
