# Code generated by scarb DO NOT EDIT.
version = 1

[[package]]
name = "arbiter"
version = "0.1.0"
source = "git+https://github.com/broody/arbiter.git?rev=efcd918#efcd918a8ca6933c256550c535e8875bc6a34372"

[[package]]
name = "surround_measure"
version = "0.1.0"
dependencies = [
 "arbiter",
 "surround_rules",
]

[[package]]
name = "surround_rules"
version = "0.1.0"
dependencies = [
 "arbiter",
]
