# Code generated by scarb DO NOT EDIT.
version = 1

[[package]]
name = "referee"
version = "0.1.0"
source = "git+https://github.com/broody/referee.git?rev=282d087#282d0871a640ebde77845795e4bb77f07e05a12f"

[[package]]
name = "referee_adapter"
version = "0.1.0"
source = "git+https://github.com/broody/referee.git?rev=282d087#282d0871a640ebde77845795e4bb77f07e05a12f"
dependencies = [
 "referee",
]

[[package]]
name = "referee_testing"
version = "0.1.0"
source = "git+https://github.com/broody/referee.git?rev=282d087#282d0871a640ebde77845795e4bb77f07e05a12f"
dependencies = [
 "referee",
]

[[package]]
name = "snforge_scarb_plugin"
version = "0.63.0"
source = "registry+https://scarbs.xyz/"
checksum = "sha256:05f937b499ddaf534271de8766d8e2a17dd5675776c5a5db3dd769cdfe7be6d2"

[[package]]
name = "snforge_std"
version = "0.63.0"
source = "registry+https://scarbs.xyz/"
checksum = "sha256:8b0efc66fc4275dde83b79bfe5b0ff6b486d16dd559e0e3c9077afb21760c939"
dependencies = [
 "snforge_scarb_plugin",
]

[[package]]
name = "surround_offchain"
version = "0.1.0"
dependencies = [
 "referee",
 "referee_adapter",
 "referee_testing",
 "snforge_std",
 "surround_rules",
]

[[package]]
name = "surround_rules"
version = "0.1.0"
dependencies = [
 "referee",
]
