# Code generated by scarb DO NOT EDIT.
version = 1

[[package]]
name = "arbiter"
version = "0.1.0"
source = "git+https://github.com/broody/arbiter.git?rev=efcd918#efcd918a8ca6933c256550c535e8875bc6a34372"

[[package]]
name = "arbiter_adapter"
version = "0.1.0"
source = "git+https://github.com/broody/arbiter.git?rev=efcd918#efcd918a8ca6933c256550c535e8875bc6a34372"
dependencies = [
 "arbiter",
]

[[package]]
name = "arbiter_testing"
version = "0.1.0"
source = "git+https://github.com/broody/arbiter.git?rev=efcd918#efcd918a8ca6933c256550c535e8875bc6a34372"
dependencies = [
 "arbiter",
]

[[package]]
name = "snforge_scarb_plugin"
version = "0.63.0"
source = "registry+https://scarbs.xyz/"
checksum = "sha256:05f937b499ddaf534271de8766d8e2a17dd5675776c5a5db3dd769cdfe7be6d2"

[[package]]
name = "snforge_std"
version = "0.63.0"
source = "registry+https://scarbs.xyz/"
checksum = "sha256:8b0efc66fc4275dde83b79bfe5b0ff6b486d16dd559e0e3c9077afb21760c939"
dependencies = [
 "snforge_scarb_plugin",
]

[[package]]
name = "surround_offchain"
version = "0.1.0"
dependencies = [
 "arbiter",
 "arbiter_adapter",
 "arbiter_testing",
 "snforge_std",
 "surround_rules",
]

[[package]]
name = "surround_rules"
version = "0.1.0"
dependencies = [
 "arbiter",
]
