# Code generated by scarb DO NOT EDIT.
version = 1

[[package]]
name = "referee"
version = "0.1.0"
source = "git+https://github.com/broody/referee.git?rev=a2a5269#a2a526964f67d7a2d5fbf6312fd214a0bd54e4d5"

[[package]]
name = "referee_testing"
version = "0.1.0"
source = "git+https://github.com/broody/referee.git?rev=a2a5269#a2a526964f67d7a2d5fbf6312fd214a0bd54e4d5"
dependencies = [
 "referee",
]

[[package]]
name = "surround_rules"
version = "0.1.0"
dependencies = [
 "referee",
 "referee_testing",
]
