# Code generated by scarb DO NOT EDIT.
version = 1

[[package]]
name = "arbiter"
version = "0.1.0"
source = "git+https://github.com/broody/arbiter.git?rev=10f8634#10f8634f5d3a30a240a8424eab8f40f6938d150b"

[[package]]
name = "arbiter_testing"
version = "0.1.0"
source = "git+https://github.com/broody/arbiter.git?rev=10f8634#10f8634f5d3a30a240a8424eab8f40f6938d150b"
dependencies = [
 "arbiter",
]

[[package]]
name = "surround_rules"
version = "0.1.0"
dependencies = [
 "arbiter",
 "arbiter_testing",
]
